// !$*UTF8*$!
{
	archiveVersion = 1;
	classes = {
	};
	objectVersion = 46;
	objects = {

/* Begin PBXBuildFile section */
		211B16EA1752B4C800180E3D /* TimeString.m in Sources */ = {isa = PBXBuildFile; fileRef = 211B16E91752B4C800180E3D /* TimeString.m */; };
		211B16EE17530AD900180E3D /* GFCollection.m in Sources */ = {isa = PBXBuildFile; fileRef = 211B16ED17530AD900180E3D /* GFCollection.m */; };
		21201EC21702177D00E89605 /* blackGradient.png in Resources */ = {isa = PBXBuildFile; fileRef = 21201EC11702177D00E89605 /* blackGradient.png */; };
		21201EC41702199B00E89605 /* vandyLogo.png in Resources */ = {isa = PBXBuildFile; fileRef = 21201EC31702199B00E89605 /* vandyLogo.png */; };
		212DECD2170096C40041498E /* imageOfRec.jpeg in Resources */ = {isa = PBXBuildFile; fileRef = 212DECD1170096C40041498E /* imageOfRec.jpeg */; };
		212DECD717009AC60041498E /* homeViewController.m in Sources */ = {isa = PBXBuildFile; fileRef = 212DECD617009AC60041498E /* homeViewController.m */; };
		21352DCF1729CB73006D5E64 /* 11-clock.png in Resources */ = {isa = PBXBuildFile; fileRef = 21352DC11729CB73006D5E64 /* 11-clock.png */; };
		21352DD01729CB73006D5E64 /* 11-clock@2x.png in Resources */ = {isa = PBXBuildFile; fileRef = 21352DC21729CB73006D5E64 /* 11-clock@2x.png */; };
		21352DD31729CB73006D5E64 /* 63-runner.png in Resources */ = {isa = PBXBuildFile; fileRef = 21352DC51729CB73006D5E64 /* 63-runner.png */; };
		21352DD41729CB73006D5E64 /* 63-runner@2x.png in Resources */ = {isa = PBXBuildFile; fileRef = 21352DC61729CB73006D5E64 /* 63-runner@2x.png */; };
		21352DD51729CB73006D5E64 /* 83-calendar.png in Resources */ = {isa = PBXBuildFile; fileRef = 21352DC71729CB73006D5E64 /* 83-calendar.png */; };
		21352DD61729CB73006D5E64 /* 83-calendar@2x.png in Resources */ = {isa = PBXBuildFile; fileRef = 21352DC81729CB73006D5E64 /* 83-calendar@2x.png */; };
		21352DD71729CB73006D5E64 /* 89-dumbells.png in Resources */ = {isa = PBXBuildFile; fileRef = 21352DC91729CB73006D5E64 /* 89-dumbells.png */; };
		21352DD81729CB73006D5E64 /* 89-dumbells@2x.png in Resources */ = {isa = PBXBuildFile; fileRef = 21352DCA1729CB73006D5E64 /* 89-dumbells@2x.png */; };
		21352DD91729CB73006D5E64 /* 103-map.png in Resources */ = {isa = PBXBuildFile; fileRef = 21352DCB1729CB73006D5E64 /* 103-map.png */; };
		21352DDA1729CB73006D5E64 /* 103-map@2x.png in Resources */ = {isa = PBXBuildFile; fileRef = 21352DCC1729CB73006D5E64 /* 103-map@2x.png */; };
		21352DDB1729CB73006D5E64 /* 112-group.png in Resources */ = {isa = PBXBuildFile; fileRef = 21352DCD1729CB73006D5E64 /* 112-group.png */; };
		21352DDC1729CB73006D5E64 /* 112-group@2x.png in Resources */ = {isa = PBXBuildFile; fileRef = 21352DCE1729CB73006D5E64 /* 112-group@2x.png */; };
		2137613E1702895D008B3FBD /* hours.plist in Resources */ = {isa = PBXBuildFile; fileRef = 2137613D1702895D008B3FBD /* hours.plist */; };
		21457163172AFD5F0004AC64 /* blue.png in Resources */ = {isa = PBXBuildFile; fileRef = 21457162172AFD5F0004AC64 /* blue.png */; };
		21457165172AFDE20004AC64 /* black.png in Resources */ = {isa = PBXBuildFile; fileRef = 21457164172AFDE20004AC64 /* black.png */; };
		21457167172AFF2C0004AC64 /* goldTint.png in Resources */ = {isa = PBXBuildFile; fileRef = 21457166172AFF2C0004AC64 /* goldTint.png */; };
		214754B91755C9C600179268 /* DateHelper.m in Sources */ = {isa = PBXBuildFile; fileRef = 214754B81755C9C600179268 /* DateHelper.m */; };
		215D04D2170D0AF8008D8277 /* hoursViewController.m in Sources */ = {isa = PBXBuildFile; fileRef = 215D04D1170D0AF8008D8277 /* hoursViewController.m */; };
		215D04D6170D146D008D8277 /* goldGradient.png in Resources */ = {isa = PBXBuildFile; fileRef = 215D04D5170D146D008D8277 /* goldGradient.png */; };
		2170327416FE96D900A43833 /* UIKit.framework in Frameworks */ = {isa = PBXBuildFile; fileRef = 2170327316FE96D900A43833 /* UIKit.framework */; };
		2170327616FE96D900A43833 /* Foundation.framework in Frameworks */ = {isa = PBXBuildFile; fileRef = 2170327516FE96D900A43833 /* Foundation.framework */; };
		2170327816FE96D900A43833 /* CoreGraphics.framework in Frameworks */ = {isa = PBXBuildFile; fileRef = 2170327716FE96D900A43833 /* CoreGraphics.framework */; };
		2170327E16FE96D900A43833 /* InfoPlist.strings in Resources */ = {isa = PBXBuildFile; fileRef = 2170327C16FE96D900A43833 /* InfoPlist.strings */; };
		2170328016FE96D900A43833 /* main.m in Sources */ = {isa = PBXBuildFile; fileRef = 2170327F16FE96D900A43833 /* main.m */; };
		2170328416FE96D900A43833 /* AppDelegate.m in Sources */ = {isa = PBXBuildFile; fileRef = 2170328316FE96D900A43833 /* AppDelegate.m */; };
		2170328616FE96D900A43833 /* Default.png in Resources */ = {isa = PBXBuildFile; fileRef = 2170328516FE96D900A43833 /* Default.png */; };
		2170328816FE96D900A43833 /* Default@2x.png in Resources */ = {isa = PBXBuildFile; fileRef = 2170328716FE96D900A43833 /* Default@2x.png */; };
		2170328A16FE96D900A43833 /* Default-568h@2x.png in Resources */ = {isa = PBXBuildFile; fileRef = 2170328916FE96D900A43833 /* Default-568h@2x.png */; };
		2170328D16FE96D900A43833 /* MainStoryboard.storyboard in Resources */ = {isa = PBXBuildFile; fileRef = 2170328B16FE96D900A43833 /* MainStoryboard.storyboard */; };
		2177D0CC1729BE85001DA4B3 /* BubbleTabBar.m in Sources */ = {isa = PBXBuildFile; fileRef = 2177D0CB1729BE85001DA4B3 /* BubbleTabBar.m */; };
		21A17F651753DD9E00681749 /* CalendarView.m in Sources */ = {isa = PBXBuildFile; fileRef = 21A17F641753DD9E00681749 /* CalendarView.m */; };
		21A37AC0171B34F1008990C5 /* HoursModel.m in Sources */ = {isa = PBXBuildFile; fileRef = 21A37ABF171B34F1008990C5 /* HoursModel.m */; };
		21AA184D1754211800CC2A83 /* DayButton.m in Sources */ = {isa = PBXBuildFile; fileRef = 21AA184C1754211800CC2A83 /* DayButton.m */; };
		21D303A917526E46007D8247 /* GFViewController.m in Sources */ = {isa = PBXBuildFile; fileRef = 21D303A817526E46007D8247 /* GFViewController.m */; };
		21D303AC17527DF8007D8247 /* GFModel.m in Sources */ = {isa = PBXBuildFile; fileRef = 21D303AB17527DF8007D8247 /* GFModel.m */; };
		21D92E9E175469CE00CE88EE /* 45-minus.png in Resources */ = {isa = PBXBuildFile; fileRef = 21D92E9A175469CE00CE88EE /* 45-minus.png */; };
		21D92E9F175469CE00CE88EE /* 45-minus@2x.png in Resources */ = {isa = PBXBuildFile; fileRef = 21D92E9B175469CE00CE88EE /* 45-minus@2x.png */; };
		21D92EA0175469CE00CE88EE /* 50-plus.png in Resources */ = {isa = PBXBuildFile; fileRef = 21D92E9C175469CE00CE88EE /* 50-plus.png */; };
		21D92EA1175469CE00CE88EE /* 50-plus@2x.png in Resources */ = {isa = PBXBuildFile; fileRef = 21D92E9D175469CE00CE88EE /* 50-plus@2x.png */; };
		21DBAFC117108C1C00C7C34D /* brownGradient.png in Resources */ = {isa = PBXBuildFile; fileRef = 21DBAFC017108C1C00C7C34D /* brownGradient.png */; };
		21E1A5F61751ADE900442922 /* HoursScrollView.m in Sources */ = {isa = PBXBuildFile; fileRef = 21E1A5F51751ADE900442922 /* HoursScrollView.m */; };
		21E677C8174971B300719EA7 /* logo.png in Resources */ = {isa = PBXBuildFile; fileRef = 21E677C7174971B300719EA7 /* logo.png */; };
		21E677CC1749754B00719EA7 /* VandyRecClient.m in Sources */ = {isa = PBXBuildFile; fileRef = 21E677CB1749754B00719EA7 /* VandyRecClient.m */; };
		21E677CF17497E3400719EA7 /* NewsModel.m in Sources */ = {isa = PBXBuildFile; fileRef = 21E677CE17497E3400719EA7 /* NewsModel.m */; };
		21E90A381726E26000356E54 /* BubbleTabBarController.m in Sources */ = {isa = PBXBuildFile; fileRef = 21E90A371726E26000356E54 /* BubbleTabBarController.m */; };
		21EAD7E8170E883900449EA3 /* NSDate-MyDateClass.m in Sources */ = {isa = PBXBuildFile; fileRef = 21EAD7E7170E883900449EA3 /* NSDate-MyDateClass.m */; };
		21EB34F317177B0D0015AD77 /* leftArrow.png in Resources */ = {isa = PBXBuildFile; fileRef = 21EB34EF17177B0D0015AD77 /* leftArrow.png */; };
		21EB34F417177B0D0015AD77 /* leftArrow@2x.png in Resources */ = {isa = PBXBuildFile; fileRef = 21EB34F017177B0D0015AD77 /* leftArrow@2x.png */; };
		21EB34F517177B0D0015AD77 /* rightArrow.png in Resources */ = {isa = PBXBuildFile; fileRef = 21EB34F117177B0D0015AD77 /* rightArrow.png */; };
		21EB34F617177B0D0015AD77 /* rightArrow@2x.png in Resources */ = {isa = PBXBuildFile; fileRef = 21EB34F217177B0D0015AD77 /* rightArrow@2x.png */; };
		21EB57BF1745D1B900DC7C2E /* TabBarNavigationController.m in Sources */ = {isa = PBXBuildFile; fileRef = 21EB57BE1745D1B900DC7C2E /* TabBarNavigationController.m */; };
		21EB57C31745D47C00DC7C2E /* 400-list2g.png in Resources */ = {isa = PBXBuildFile; fileRef = 21EB57C11745D47C00DC7C2E /* 400-list2g.png */; };
		21EB57C41745D47C00DC7C2E /* 400-list2g@2x.png in Resources */ = {isa = PBXBuildFile; fileRef = 21EB57C21745D47C00DC7C2E /* 400-list2g@2x.png */; };
		21EB57C71745D4CE00DC7C2E /* 400-list2.png in Resources */ = {isa = PBXBuildFile; fileRef = 21EB57C51745D4CD00DC7C2E /* 400-list2.png */; };
		21EB57C81745D4CE00DC7C2E /* 400-list2@2x.png in Resources */ = {isa = PBXBuildFile; fileRef = 21EB57C61745D4CD00DC7C2E /* 400-list2@2x.png */; };
		21EB57CB1745DB2F00DC7C2E /* 402-globe2.png in Resources */ = {isa = PBXBuildFile; fileRef = 21EB57C91745DB2F00DC7C2E /* 402-globe2.png */; };
		21EB57CC1745DB2F00DC7C2E /* 402-globe2@2x.png in Resources */ = {isa = PBXBuildFile; fileRef = 21EB57CA1745DB2F00DC7C2E /* 402-globe2@2x.png */; };
		21F1EA621728F15A00AB17DB /* BubbleTabBarItem.m in Sources */ = {isa = PBXBuildFile; fileRef = 21F1EA611728F15A00AB17DB /* BubbleTabBarItem.m */; };
		21FA94BB172D95120016918B /* UIColor-BMColors.m in Sources */ = {isa = PBXBuildFile; fileRef = 21FA94BA172D95120016918B /* UIColor-BMColors.m */; };
		21FC9F8F17025F160065EEC2 /* browserViewController.m in Sources */ = {isa = PBXBuildFile; fileRef = 21FC9F8E17025F160065EEC2 /* browserViewController.m */; };
		72BDC83298C84A3BA251BD88 /* libPods.a in Frameworks */ = {isa = PBXBuildFile; fileRef = 4F05CAACB8DC475199BF9CA1 /* libPods.a */; };
/* End PBXBuildFile section */

/* Begin PBXFileReference section */
		211B16E81752B4C800180E3D /* TimeString.h */ = {isa = PBXFileReference; fileEncoding = 4; lastKnownFileType = sourcecode.c.h; path = TimeString.h; sourceTree = "<group>"; };
		211B16E91752B4C800180E3D /* TimeString.m */ = {isa = PBXFileReference; fileEncoding = 4; lastKnownFileType = sourcecode.c.objc; path = TimeString.m; sourceTree = "<group>"; };
		211B16EB1752B61E00180E3D /* TimeStringStyle.h */ = {isa = PBXFileReference; lastKnownFileType = sourcecode.c.h; path = TimeStringStyle.h; sourceTree = "<group>"; };
		211B16EC17530AD900180E3D /* GFCollection.h */ = {isa = PBXFileReference; fileEncoding = 4; lastKnownFileType = sourcecode.c.h; path = GFCollection.h; sourceTree = "<group>"; };
		211B16ED17530AD900180E3D /* GFCollection.m */ = {isa = PBXFileReference; fileEncoding = 4; lastKnownFileType = sourcecode.c.objc; path = GFCollection.m; sourceTree = "<group>"; };
		21201EC11702177D00E89605 /* blackGradient.png */ = {isa = PBXFileReference; lastKnownFileType = image.png; name = blackGradient.png; path = ../blackGradient.png; sourceTree = "<group>"; };
		21201EC31702199B00E89605 /* vandyLogo.png */ = {isa = PBXFileReference; lastKnownFileType = image.png; path = vandyLogo.png; sourceTree = "<group>"; };
		212DECD1170096C40041498E /* imageOfRec.jpeg */ = {isa = PBXFileReference; lastKnownFileType = image.jpeg; name = imageOfRec.jpeg; path = ../imageOfRec.jpeg; sourceTree = "<group>"; };
		212DECD517009AC60041498E /* homeViewController.h */ = {isa = PBXFileReference; fileEncoding = 4; lastKnownFileType = sourcecode.c.h; path = homeViewController.h; sourceTree = "<group>"; };
		212DECD617009AC60041498E /* homeViewController.m */ = {isa = PBXFileReference; fileEncoding = 4; lastKnownFileType = sourcecode.c.objc; path = homeViewController.m; sourceTree = "<group>"; };
		21352DC11729CB73006D5E64 /* 11-clock.png */ = {isa = PBXFileReference; lastKnownFileType = image.png; path = "11-clock.png"; sourceTree = "<group>"; };
		21352DC21729CB73006D5E64 /* 11-clock@2x.png */ = {isa = PBXFileReference; lastKnownFileType = image.png; path = "11-clock@2x.png"; sourceTree = "<group>"; };
		21352DC51729CB73006D5E64 /* 63-runner.png */ = {isa = PBXFileReference; lastKnownFileType = image.png; path = "63-runner.png"; sourceTree = "<group>"; };
		21352DC61729CB73006D5E64 /* 63-runner@2x.png */ = {isa = PBXFileReference; lastKnownFileType = image.png; path = "63-runner@2x.png"; sourceTree = "<group>"; };
		21352DC71729CB73006D5E64 /* 83-calendar.png */ = {isa = PBXFileReference; lastKnownFileType = image.png; path = "83-calendar.png"; sourceTree = "<group>"; };
		21352DC81729CB73006D5E64 /* 83-calendar@2x.png */ = {isa = PBXFileReference; lastKnownFileType = image.png; path = "83-calendar@2x.png"; sourceTree = "<group>"; };
		21352DC91729CB73006D5E64 /* 89-dumbells.png */ = {isa = PBXFileReference; lastKnownFileType = image.png; path = "89-dumbells.png"; sourceTree = "<group>"; };
		21352DCA1729CB73006D5E64 /* 89-dumbells@2x.png */ = {isa = PBXFileReference; lastKnownFileType = image.png; path = "89-dumbells@2x.png"; sourceTree = "<group>"; };
		21352DCB1729CB73006D5E64 /* 103-map.png */ = {isa = PBXFileReference; lastKnownFileType = image.png; path = "103-map.png"; sourceTree = "<group>"; };
		21352DCC1729CB73006D5E64 /* 103-map@2x.png */ = {isa = PBXFileReference; lastKnownFileType = image.png; path = "103-map@2x.png"; sourceTree = "<group>"; };
		21352DCD1729CB73006D5E64 /* 112-group.png */ = {isa = PBXFileReference; lastKnownFileType = image.png; path = "112-group.png"; sourceTree = "<group>"; };
		21352DCE1729CB73006D5E64 /* 112-group@2x.png */ = {isa = PBXFileReference; lastKnownFileType = image.png; path = "112-group@2x.png"; sourceTree = "<group>"; };
		2137613D1702895D008B3FBD /* hours.plist */ = {isa = PBXFileReference; fileEncoding = 4; lastKnownFileType = text.plist.xml; path = hours.plist; sourceTree = "<group>"; };
		21457162172AFD5F0004AC64 /* blue.png */ = {isa = PBXFileReference; lastKnownFileType = image.png; path = blue.png; sourceTree = "<group>"; };
		21457164172AFDE20004AC64 /* black.png */ = {isa = PBXFileReference; lastKnownFileType = image.png; path = black.png; sourceTree = "<group>"; };
		21457166172AFF2C0004AC64 /* goldTint.png */ = {isa = PBXFileReference; lastKnownFileType = image.png; path = goldTint.png; sourceTree = "<group>"; };
		214754B71755C9C600179268 /* DateHelper.h */ = {isa = PBXFileReference; fileEncoding = 4; lastKnownFileType = sourcecode.c.h; path = DateHelper.h; sourceTree = "<group>"; };
		214754B81755C9C600179268 /* DateHelper.m */ = {isa = PBXFileReference; fileEncoding = 4; lastKnownFileType = sourcecode.c.objc; path = DateHelper.m; sourceTree = "<group>"; };
		215D04D0170D0AF8008D8277 /* hoursViewController.h */ = {isa = PBXFileReference; fileEncoding = 4; lastKnownFileType = sourcecode.c.h; path = hoursViewController.h; sourceTree = "<group>"; };
		215D04D1170D0AF8008D8277 /* hoursViewController.m */ = {isa = PBXFileReference; fileEncoding = 4; lastKnownFileType = sourcecode.c.objc; path = hoursViewController.m; sourceTree = "<group>"; };
		215D04D5170D146D008D8277 /* goldGradient.png */ = {isa = PBXFileReference; lastKnownFileType = image.png; name = goldGradient.png; path = ../goldGradient.png; sourceTree = "<group>"; };
		2170327016FE96D900A43833 /* vandyRecCenter.app */ = {isa = PBXFileReference; explicitFileType = wrapper.application; includeInIndex = 0; path = vandyRecCenter.app; sourceTree = BUILT_PRODUCTS_DIR; };
		2170327316FE96D900A43833 /* UIKit.framework */ = {isa = PBXFileReference; lastKnownFileType = wrapper.framework; name = UIKit.framework; path = System/Library/Frameworks/UIKit.framework; sourceTree = SDKROOT; };
		2170327516FE96D900A43833 /* Foundation.framework */ = {isa = PBXFileReference; lastKnownFileType = wrapper.framework; name = Foundation.framework; path = System/Library/Frameworks/Foundation.framework; sourceTree = SDKROOT; };
		2170327716FE96D900A43833 /* CoreGraphics.framework */ = {isa = PBXFileReference; lastKnownFileType = wrapper.framework; name = CoreGraphics.framework; path = System/Library/Frameworks/CoreGraphics.framework; sourceTree = SDKROOT; };
		2170327B16FE96D900A43833 /* vandyRecCenter-Info.plist */ = {isa = PBXFileReference; lastKnownFileType = text.plist.xml; path = "vandyRecCenter-Info.plist"; sourceTree = "<group>"; };
		2170327D16FE96D900A43833 /* en */ = {isa = PBXFileReference; lastKnownFileType = text.plist.strings; name = en; path = en.lproj/InfoPlist.strings; sourceTree = "<group>"; };
		2170327F16FE96D900A43833 /* main.m */ = {isa = PBXFileReference; lastKnownFileType = sourcecode.c.objc; path = main.m; sourceTree = "<group>"; };
		2170328116FE96D900A43833 /* vandyRecCenter-Prefix.pch */ = {isa = PBXFileReference; lastKnownFileType = sourcecode.c.h; path = "vandyRecCenter-Prefix.pch"; sourceTree = "<group>"; };
		2170328216FE96D900A43833 /* AppDelegate.h */ = {isa = PBXFileReference; lastKnownFileType = sourcecode.c.h; path = AppDelegate.h; sourceTree = "<group>"; };
		2170328316FE96D900A43833 /* AppDelegate.m */ = {isa = PBXFileReference; lastKnownFileType = sourcecode.c.objc; path = AppDelegate.m; sourceTree = "<group>"; };
		2170328516FE96D900A43833 /* Default.png */ = {isa = PBXFileReference; lastKnownFileType = image.png; path = Default.png; sourceTree = "<group>"; };
		2170328716FE96D900A43833 /* Default@2x.png */ = {isa = PBXFileReference; lastKnownFileType = image.png; path = "Default@2x.png"; sourceTree = "<group>"; };
		2170328916FE96D900A43833 /* Default-568h@2x.png */ = {isa = PBXFileReference; lastKnownFileType = image.png; path = "Default-568h@2x.png"; sourceTree = "<group>"; };
		2170328C16FE96D900A43833 /* en */ = {isa = PBXFileReference; lastKnownFileType = file.storyboard; name = en; path = en.lproj/MainStoryboard.storyboard; sourceTree = "<group>"; };
		2177D0CA1729BE85001DA4B3 /* BubbleTabBar.h */ = {isa = PBXFileReference; fileEncoding = 4; lastKnownFileType = sourcecode.c.h; path = BubbleTabBar.h; sourceTree = "<group>"; };
		2177D0CB1729BE85001DA4B3 /* BubbleTabBar.m */ = {isa = PBXFileReference; fileEncoding = 4; lastKnownFileType = sourcecode.c.objc; path = BubbleTabBar.m; sourceTree = "<group>"; };
		21A17F631753DD9E00681749 /* CalendarView.h */ = {isa = PBXFileReference; fileEncoding = 4; lastKnownFileType = sourcecode.c.h; path = CalendarView.h; sourceTree = "<group>"; };
		21A17F641753DD9E00681749 /* CalendarView.m */ = {isa = PBXFileReference; fileEncoding = 4; lastKnownFileType = sourcecode.c.objc; path = CalendarView.m; sourceTree = "<group>"; };
		21A17F671753DDDC00681749 /* CalendarViewDelegate.h */ = {isa = PBXFileReference; lastKnownFileType = sourcecode.c.h; path = CalendarViewDelegate.h; sourceTree = "<group>"; };
		21A37ABE171B34F1008990C5 /* HoursModel.h */ = {isa = PBXFileReference; fileEncoding = 4; lastKnownFileType = sourcecode.c.h; name = HoursModel.h; path = ../HoursModel.h; sourceTree = "<group>"; };
		21A37ABF171B34F1008990C5 /* HoursModel.m */ = {isa = PBXFileReference; fileEncoding = 4; lastKnownFileType = sourcecode.c.objc; name = HoursModel.m; path = ../HoursModel.m; sourceTree = "<group>"; };
		21AA184B1754211800CC2A83 /* DayButton.h */ = {isa = PBXFileReference; fileEncoding = 4; lastKnownFileType = sourcecode.c.h; path = DayButton.h; sourceTree = "<group>"; };
		21AA184C1754211800CC2A83 /* DayButton.m */ = {isa = PBXFileReference; fileEncoding = 4; lastKnownFileType = sourcecode.c.objc; path = DayButton.m; sourceTree = "<group>"; };
		21C2C2C71745C8B8006A97DC /* 53-house.png */ = {isa = PBXFileReference; lastKnownFileType = image.png; path = "53-house.png"; sourceTree = "<group>"; };
		21C2C2C81745C8B8006A97DC /* 53-house@2x.png */ = {isa = PBXFileReference; lastKnownFileType = image.png; path = "53-house@2x.png"; sourceTree = "<group>"; };
		21D303A717526E46007D8247 /* GFViewController.h */ = {isa = PBXFileReference; fileEncoding = 4; lastKnownFileType = sourcecode.c.h; path = GFViewController.h; sourceTree = "<group>"; };
		21D303A817526E46007D8247 /* GFViewController.m */ = {isa = PBXFileReference; fileEncoding = 4; lastKnownFileType = sourcecode.c.objc; path = GFViewController.m; sourceTree = "<group>"; };
		21D303AA17527DF8007D8247 /* GFModel.h */ = {isa = PBXFileReference; fileEncoding = 4; lastKnownFileType = sourcecode.c.h; path = GFModel.h; sourceTree = "<group>"; };
		21D303AB17527DF8007D8247 /* GFModel.m */ = {isa = PBXFileReference; fileEncoding = 4; lastKnownFileType = sourcecode.c.objc; path = GFModel.m; sourceTree = "<group>"; };
		21D92E9A175469CE00CE88EE /* 45-minus.png */ = {isa = PBXFileReference; lastKnownFileType = image.png; path = "45-minus.png"; sourceTree = "<group>"; };
		21D92E9B175469CE00CE88EE /* 45-minus@2x.png */ = {isa = PBXFileReference; lastKnownFileType = image.png; path = "45-minus@2x.png"; sourceTree = "<group>"; };
		21D92E9C175469CE00CE88EE /* 50-plus.png */ = {isa = PBXFileReference; lastKnownFileType = image.png; path = "50-plus.png"; sourceTree = "<group>"; };
		21D92E9D175469CE00CE88EE /* 50-plus@2x.png */ = {isa = PBXFileReference; lastKnownFileType = image.png; path = "50-plus@2x.png"; sourceTree = "<group>"; };
		21DBAFC017108C1C00C7C34D /* brownGradient.png */ = {isa = PBXFileReference; lastKnownFileType = image.png; path = brownGradient.png; sourceTree = "<group>"; };
		21E1A5F41751ADE900442922 /* HoursScrollView.h */ = {isa = PBXFileReference; fileEncoding = 4; lastKnownFileType = sourcecode.c.h; path = HoursScrollView.h; sourceTree = "<group>"; };
		21E1A5F51751ADE900442922 /* HoursScrollView.m */ = {isa = PBXFileReference; fileEncoding = 4; lastKnownFileType = sourcecode.c.objc; path = HoursScrollView.m; sourceTree = "<group>"; };
		21E1A5F81751CF9500442922 /* ScrollHoursDelegate.h */ = {isa = PBXFileReference; lastKnownFileType = sourcecode.c.h; path = ScrollHoursDelegate.h; sourceTree = "<group>"; };
		21E677C7174971B300719EA7 /* logo.png */ = {isa = PBXFileReference; lastKnownFileType = image.png; path = logo.png; sourceTree = "<group>"; };
		21E677CA1749754B00719EA7 /* VandyRecClient.h */ = {isa = PBXFileReference; fileEncoding = 4; lastKnownFileType = sourcecode.c.h; path = VandyRecClient.h; sourceTree = "<group>"; };
		21E677CB1749754B00719EA7 /* VandyRecClient.m */ = {isa = PBXFileReference; fileEncoding = 4; lastKnownFileType = sourcecode.c.objc; path = VandyRecClient.m; sourceTree = "<group>"; };
		21E677CD17497E3400719EA7 /* NewsModel.h */ = {isa = PBXFileReference; fileEncoding = 4; lastKnownFileType = sourcecode.c.h; path = NewsModel.h; sourceTree = "<group>"; };
		21E677CE17497E3400719EA7 /* NewsModel.m */ = {isa = PBXFileReference; fileEncoding = 4; lastKnownFileType = sourcecode.c.objc; path = NewsModel.m; sourceTree = "<group>"; };
		21E90A361726E26000356E54 /* BubbleTabBarController.h */ = {isa = PBXFileReference; fileEncoding = 4; lastKnownFileType = sourcecode.c.h; path = BubbleTabBarController.h; sourceTree = "<group>"; };
		21E90A371726E26000356E54 /* BubbleTabBarController.m */ = {isa = PBXFileReference; fileEncoding = 4; lastKnownFileType = sourcecode.c.objc; path = BubbleTabBarController.m; sourceTree = "<group>"; };
		21EAD7E6170E883900449EA3 /* NSDate-MyDateClass.h */ = {isa = PBXFileReference; fileEncoding = 4; lastKnownFileType = sourcecode.c.h; path = "NSDate-MyDateClass.h"; sourceTree = "<group>"; };
		21EAD7E7170E883900449EA3 /* NSDate-MyDateClass.m */ = {isa = PBXFileReference; fileEncoding = 4; lastKnownFileType = sourcecode.c.objc; path = "NSDate-MyDateClass.m"; sourceTree = "<group>"; };
		21EB34EF17177B0D0015AD77 /* leftArrow.png */ = {isa = PBXFileReference; lastKnownFileType = image.png; path = leftArrow.png; sourceTree = "<group>"; };
		21EB34F017177B0D0015AD77 /* leftArrow@2x.png */ = {isa = PBXFileReference; lastKnownFileType = image.png; path = "leftArrow@2x.png"; sourceTree = "<group>"; };
		21EB34F117177B0D0015AD77 /* rightArrow.png */ = {isa = PBXFileReference; lastKnownFileType = image.png; path = rightArrow.png; sourceTree = "<group>"; };
		21EB34F217177B0D0015AD77 /* rightArrow@2x.png */ = {isa = PBXFileReference; lastKnownFileType = image.png; path = "rightArrow@2x.png"; sourceTree = "<group>"; };
		21EB57BD1745D1B900DC7C2E /* TabBarNavigationController.h */ = {isa = PBXFileReference; fileEncoding = 4; lastKnownFileType = sourcecode.c.h; path = TabBarNavigationController.h; sourceTree = "<group>"; };
		21EB57BE1745D1B900DC7C2E /* TabBarNavigationController.m */ = {isa = PBXFileReference; fileEncoding = 4; lastKnownFileType = sourcecode.c.objc; path = TabBarNavigationController.m; sourceTree = "<group>"; };
		21EB57C01745D21300DC7C2E /* TabBarNavigationDelegate.h */ = {isa = PBXFileReference; lastKnownFileType = sourcecode.c.h; path = TabBarNavigationDelegate.h; sourceTree = "<group>"; };
		21EB57C11745D47C00DC7C2E /* 400-list2g.png */ = {isa = PBXFileReference; lastKnownFileType = image.png; path = "400-list2g.png"; sourceTree = "<group>"; };
		21EB57C21745D47C00DC7C2E /* 400-list2g@2x.png */ = {isa = PBXFileReference; lastKnownFileType = image.png; path = "400-list2g@2x.png"; sourceTree = "<group>"; };
		21EB57C51745D4CD00DC7C2E /* 400-list2.png */ = {isa = PBXFileReference; lastKnownFileType = image.png; path = "400-list2.png"; sourceTree = "<group>"; };
		21EB57C61745D4CD00DC7C2E /* 400-list2@2x.png */ = {isa = PBXFileReference; lastKnownFileType = image.png; path = "400-list2@2x.png"; sourceTree = "<group>"; };
		21EB57C91745DB2F00DC7C2E /* 402-globe2.png */ = {isa = PBXFileReference; lastKnownFileType = image.png; path = "402-globe2.png"; sourceTree = "<group>"; };
		21EB57CA1745DB2F00DC7C2E /* 402-globe2@2x.png */ = {isa = PBXFileReference; lastKnownFileType = image.png; path = "402-globe2@2x.png"; sourceTree = "<group>"; };
		21F1EA601728F15A00AB17DB /* BubbleTabBarItem.h */ = {isa = PBXFileReference; fileEncoding = 4; lastKnownFileType = sourcecode.c.h; path = BubbleTabBarItem.h; sourceTree = "<group>"; };
		21F1EA611728F15A00AB17DB /* BubbleTabBarItem.m */ = {isa = PBXFileReference; fileEncoding = 4; lastKnownFileType = sourcecode.c.objc; path = BubbleTabBarItem.m; sourceTree = "<group>"; };
		21FA94B9172D95120016918B /* UIColor-BMColors.h */ = {isa = PBXFileReference; fileEncoding = 4; lastKnownFileType = sourcecode.c.h; path = "UIColor-BMColors.h"; sourceTree = "<group>"; };
		21FA94BA172D95120016918B /* UIColor-BMColors.m */ = {isa = PBXFileReference; fileEncoding = 4; lastKnownFileType = sourcecode.c.objc; path = "UIColor-BMColors.m"; sourceTree = "<group>"; };
		21FC9F8D17025F160065EEC2 /* browserViewController.h */ = {isa = PBXFileReference; fileEncoding = 4; lastKnownFileType = sourcecode.c.h; path = browserViewController.h; sourceTree = "<group>"; };
		21FC9F8E17025F160065EEC2 /* browserViewController.m */ = {isa = PBXFileReference; fileEncoding = 4; lastKnownFileType = sourcecode.c.objc; path = browserViewController.m; sourceTree = "<group>"; };
		4F05CAACB8DC475199BF9CA1 /* libPods.a */ = {isa = PBXFileReference; explicitFileType = archive.ar; includeInIndex = 0; path = libPods.a; sourceTree = BUILT_PRODUCTS_DIR; };
		B5771533F1CA48AAB59519E9 /* Pods.xcconfig */ = {isa = PBXFileReference; includeInIndex = 1; lastKnownFileType = text.xcconfig; name = Pods.xcconfig; path = Pods/Pods.xcconfig; sourceTree = SOURCE_ROOT; };
/* End PBXFileReference section */

/* Begin PBXFrameworksBuildPhase section */
		2170326D16FE96D900A43833 /* Frameworks */ = {
			isa = PBXFrameworksBuildPhase;
			buildActionMask = 2147483647;
			files = (
				2170327416FE96D900A43833 /* UIKit.framework in Frameworks */,
				2170327616FE96D900A43833 /* Foundation.framework in Frameworks */,
				2170327816FE96D900A43833 /* CoreGraphics.framework in Frameworks */,
				72BDC83298C84A3BA251BD88 /* libPods.a in Frameworks */,
			);
			runOnlyForDeploymentPostprocessing = 0;
		};
/* End PBXFrameworksBuildPhase section */

/* Begin PBXGroup section */
		211B16E71752B4AB00180E3D /* Utility Classes */ = {
			isa = PBXGroup;
			children = (
				214754B71755C9C600179268 /* DateHelper.h */,
				214754B81755C9C600179268 /* DateHelper.m */,
				211B16EB1752B61E00180E3D /* TimeStringStyle.h */,
				211B16E81752B4C800180E3D /* TimeString.h */,
				211B16E91752B4C800180E3D /* TimeString.m */,
			);
			name = "Utility Classes";
			sourceTree = "<group>";
		};
		212DECD01700965A0041498E /* Images */ = {
			isa = PBXGroup;
			children = (
				21E677C7174971B300719EA7 /* logo.png */,
				21457168172B01310004AC64 /* background */,
				21EB34EF17177B0D0015AD77 /* leftArrow.png */,
				21EB34F017177B0D0015AD77 /* leftArrow@2x.png */,
				21EB34F117177B0D0015AD77 /* rightArrow.png */,
				21EB34F217177B0D0015AD77 /* rightArrow@2x.png */,
				21201EC31702199B00E89605 /* vandyLogo.png */,
				212DECD1170096C40041498E /* imageOfRec.jpeg */,
				21352DC01729CA5C006D5E64 /* icons-white */,
			);
			name = Images;
			sourceTree = "<group>";
		};
		21352DC01729CA5C006D5E64 /* icons-white */ = {
			isa = PBXGroup;
			children = (
				21D92E9A175469CE00CE88EE /* 45-minus.png */,
				21D92E9B175469CE00CE88EE /* 45-minus@2x.png */,
				21D92E9C175469CE00CE88EE /* 50-plus.png */,
				21D92E9D175469CE00CE88EE /* 50-plus@2x.png */,
				21EB57C91745DB2F00DC7C2E /* 402-globe2.png */,
				21EB57CA1745DB2F00DC7C2E /* 402-globe2@2x.png */,
				21EB57C11745D47C00DC7C2E /* 400-list2g.png */,
				21EB57C21745D47C00DC7C2E /* 400-list2g@2x.png */,
				21EB57C51745D4CD00DC7C2E /* 400-list2.png */,
				21EB57C61745D4CD00DC7C2E /* 400-list2@2x.png */,
				21352DC11729CB73006D5E64 /* 11-clock.png */,
				21352DC21729CB73006D5E64 /* 11-clock@2x.png */,
				21C2C2C71745C8B8006A97DC /* 53-house.png */,
				21C2C2C81745C8B8006A97DC /* 53-house@2x.png */,
				21352DC51729CB73006D5E64 /* 63-runner.png */,
				21352DC61729CB73006D5E64 /* 63-runner@2x.png */,
				21352DC71729CB73006D5E64 /* 83-calendar.png */,
				21352DC81729CB73006D5E64 /* 83-calendar@2x.png */,
				21352DC91729CB73006D5E64 /* 89-dumbells.png */,
				21352DCA1729CB73006D5E64 /* 89-dumbells@2x.png */,
				21352DCB1729CB73006D5E64 /* 103-map.png */,
				21352DCC1729CB73006D5E64 /* 103-map@2x.png */,
				21352DCD1729CB73006D5E64 /* 112-group.png */,
				21352DCE1729CB73006D5E64 /* 112-group@2x.png */,
			);
			name = "icons-white";
			sourceTree = "<group>";
		};
		21457168172B01310004AC64 /* background */ = {
			isa = PBXGroup;
			children = (
				21DBAFC017108C1C00C7C34D /* brownGradient.png */,
				215D04D5170D146D008D8277 /* goldGradient.png */,
				21201EC11702177D00E89605 /* blackGradient.png */,
				21457166172AFF2C0004AC64 /* goldTint.png */,
				21457162172AFD5F0004AC64 /* blue.png */,
				21457164172AFDE20004AC64 /* black.png */,
			);
			name = background;
			sourceTree = "<group>";
		};
		2170326716FE96D900A43833 = {
			isa = PBXGroup;
			children = (
				2170327916FE96D900A43833 /* vandyRecCenter */,
				2170327216FE96D900A43833 /* Frameworks */,
				2170327116FE96D900A43833 /* Products */,
				B5771533F1CA48AAB59519E9 /* Pods.xcconfig */,
			);
			sourceTree = "<group>";
		};
		2170327116FE96D900A43833 /* Products */ = {
			isa = PBXGroup;
			children = (
				2170327016FE96D900A43833 /* vandyRecCenter.app */,
			);
			name = Products;
			sourceTree = "<group>";
		};
		2170327216FE96D900A43833 /* Frameworks */ = {
			isa = PBXGroup;
			children = (
				2170327316FE96D900A43833 /* UIKit.framework */,
				2170327516FE96D900A43833 /* Foundation.framework */,
				2170327716FE96D900A43833 /* CoreGraphics.framework */,
				4F05CAACB8DC475199BF9CA1 /* libPods.a */,
			);
			name = Frameworks;
			sourceTree = "<group>";
		};
		2170327916FE96D900A43833 /* vandyRecCenter */ = {
			isa = PBXGroup;
			children = (
				2170328216FE96D900A43833 /* AppDelegate.h */,
				2170328316FE96D900A43833 /* AppDelegate.m */,
				2170328B16FE96D900A43833 /* MainStoryboard.storyboard */,
				21F1EA631728F17000AB17DB /* Custom Tab Bar */,
				21E677C91749753400719EA7 /* Web Client */,
				21FA94BC172D951D0016918B /* Categories */,
				211B16E71752B4AB00180E3D /* Utility Classes */,
				21A17F661753DDAC00681749 /* Calendar View */,
				21E40A1F1719C7380045451F /* Home */,
				21E40A1D1719C7270045451F /* Hours */,
				21D303A617526E14007D8247 /* GF */,
				212DECD01700965A0041498E /* Images */,
				2170327A16FE96D900A43833 /* Supporting Files */,
			);
			path = vandyRecCenter;
			sourceTree = "<group>";
		};
		2170327A16FE96D900A43833 /* Supporting Files */ = {
			isa = PBXGroup;
			children = (
				2170327B16FE96D900A43833 /* vandyRecCenter-Info.plist */,
				2170327C16FE96D900A43833 /* InfoPlist.strings */,
				2170327F16FE96D900A43833 /* main.m */,
				2170328116FE96D900A43833 /* vandyRecCenter-Prefix.pch */,
				2170328516FE96D900A43833 /* Default.png */,
				2170328716FE96D900A43833 /* Default@2x.png */,
				2170328916FE96D900A43833 /* Default-568h@2x.png */,
			);
			name = "Supporting Files";
			sourceTree = "<group>";
		};
		21A17F661753DDAC00681749 /* Calendar View */ = {
			isa = PBXGroup;
			children = (
				21A17F631753DD9E00681749 /* CalendarView.h */,
				21A17F641753DD9E00681749 /* CalendarView.m */,
				21AA184B1754211800CC2A83 /* DayButton.h */,
				21AA184C1754211800CC2A83 /* DayButton.m */,
				21A17F671753DDDC00681749 /* CalendarViewDelegate.h */,
			);
			name = "Calendar View";
			sourceTree = "<group>";
		};
		21D303A617526E14007D8247 /* GF */ = {
			isa = PBXGroup;
			children = (
				21D303A717526E46007D8247 /* GFViewController.h */,
				21D303A817526E46007D8247 /* GFViewController.m */,
				211B16EC17530AD900180E3D /* GFCollection.h */,
				211B16ED17530AD900180E3D /* GFCollection.m */,
				21D303AA17527DF8007D8247 /* GFModel.h */,
				21D303AB17527DF8007D8247 /* GFModel.m */,
			);
			name = GF;
			sourceTree = "<group>";
		};
		21E40A1D1719C7270045451F /* Hours */ = {
			isa = PBXGroup;
			children = (
				2137613D1702895D008B3FBD /* hours.plist */,
				21A37ABE171B34F1008990C5 /* HoursModel.h */,
				21A37ABF171B34F1008990C5 /* HoursModel.m */,
				215D04D0170D0AF8008D8277 /* hoursViewController.h */,
				215D04D1170D0AF8008D8277 /* hoursViewController.m */,
				21E1A5F81751CF9500442922 /* ScrollHoursDelegate.h */,
				21E1A5F41751ADE900442922 /* HoursScrollView.h */,
				21E1A5F51751ADE900442922 /* HoursScrollView.m */,
			);
			name = Hours;
			sourceTree = "<group>";
		};
		21E40A1F1719C7380045451F /* Home */ = {
			isa = PBXGroup;
			children = (
				21E677CD17497E3400719EA7 /* NewsModel.h */,
				21E677CE17497E3400719EA7 /* NewsModel.m */,
				212DECD517009AC60041498E /* homeViewController.h */,
				212DECD617009AC60041498E /* homeViewController.m */,
				21FC9F8D17025F160065EEC2 /* browserViewController.h */,
				21FC9F8E17025F160065EEC2 /* browserViewController.m */,
			);
			name = Home;
			sourceTree = "<group>";
		};
		21E677C91749753400719EA7 /* Web Client */ = {
			isa = PBXGroup;
			children = (
				21E677CA1749754B00719EA7 /* VandyRecClient.h */,
				21E677CB1749754B00719EA7 /* VandyRecClient.m */,
			);
			name = "Web Client";
			sourceTree = "<group>";
		};
		21EAD7E2170E81B600449EA3 /* Date Category */ = {
			isa = PBXGroup;
			children = (
				21EAD7E6170E883900449EA3 /* NSDate-MyDateClass.h */,
				21EAD7E7170E883900449EA3 /* NSDate-MyDateClass.m */,
			);
			name = "Date Category";
			sourceTree = "<group>";
		};
		21F1EA631728F17000AB17DB /* Custom Tab Bar */ = {
			isa = PBXGroup;
			children = (
				21E90A361726E26000356E54 /* BubbleTabBarController.h */,
				21E90A371726E26000356E54 /* BubbleTabBarController.m */,
				2177D0CA1729BE85001DA4B3 /* BubbleTabBar.h */,
				2177D0CB1729BE85001DA4B3 /* BubbleTabBar.m */,
				21F1EA601728F15A00AB17DB /* BubbleTabBarItem.h */,
				21F1EA611728F15A00AB17DB /* BubbleTabBarItem.m */,
				21EB57C01745D21300DC7C2E /* TabBarNavigationDelegate.h */,
				21EB57BD1745D1B900DC7C2E /* TabBarNavigationController.h */,
				21EB57BE1745D1B900DC7C2E /* TabBarNavigationController.m */,
			);
			name = "Custom Tab Bar";
			sourceTree = "<group>";
		};
		21FA94BC172D951D0016918B /* Categories */ = {
			isa = PBXGroup;
			children = (
				21FA94B9172D95120016918B /* UIColor-BMColors.h */,
				21FA94BA172D95120016918B /* UIColor-BMColors.m */,
				21EAD7E2170E81B600449EA3 /* Date Category */,
			);
			name = Categories;
			sourceTree = "<group>";
		};
/* End PBXGroup section */

/* Begin PBXNativeTarget section */
		2170326F16FE96D900A43833 /* vandyRecCenter */ = {
			isa = PBXNativeTarget;
			buildConfigurationList = 2170329316FE96D900A43833 /* Build configuration list for PBXNativeTarget "vandyRecCenter" */;
			buildPhases = (
				2170326C16FE96D900A43833 /* Sources */,
				2170326D16FE96D900A43833 /* Frameworks */,
				2170326E16FE96D900A43833 /* Resources */,
				C8BD26EF3DEB4187A51EF20A /* Copy Pods Resources */,
			);
			buildRules = (
			);
			dependencies = (
			);
			name = vandyRecCenter;
			productName = vandyRecCenter;
			productReference = 2170327016FE96D900A43833 /* vandyRecCenter.app */;
			productType = "com.apple.product-type.application";
		};
/* End PBXNativeTarget section */

/* Begin PBXProject section */
		2170326816FE96D900A43833 /* Project object */ = {
			isa = PBXProject;
			attributes = {
				LastUpgradeCheck = 0460;
				ORGANIZATIONNAME = "Brendan McNamara";
			};
			buildConfigurationList = 2170326B16FE96D900A43833 /* Build configuration list for PBXProject "vandyRecCenter" */;
			compatibilityVersion = "Xcode 3.2";
			developmentRegion = English;
			hasScannedForEncodings = 0;
			knownRegions = (
				en,
			);
			mainGroup = 2170326716FE96D900A43833;
			productRefGroup = 2170327116FE96D900A43833 /* Products */;
			projectDirPath = "";
			projectRoot = "";
			targets = (
				2170326F16FE96D900A43833 /* vandyRecCenter */,
			);
		};
/* End PBXProject section */

/* Begin PBXResourcesBuildPhase section */
		2170326E16FE96D900A43833 /* Resources */ = {
			isa = PBXResourcesBuildPhase;
			buildActionMask = 2147483647;
			files = (
				2170327E16FE96D900A43833 /* InfoPlist.strings in Resources */,
				2170328616FE96D900A43833 /* Default.png in Resources */,
				2170328816FE96D900A43833 /* Default@2x.png in Resources */,
				2170328A16FE96D900A43833 /* Default-568h@2x.png in Resources */,
				2170328D16FE96D900A43833 /* MainStoryboard.storyboard in Resources */,
				212DECD2170096C40041498E /* imageOfRec.jpeg in Resources */,
				21201EC21702177D00E89605 /* blackGradient.png in Resources */,
				21201EC41702199B00E89605 /* vandyLogo.png in Resources */,
				2137613E1702895D008B3FBD /* hours.plist in Resources */,
				215D04D6170D146D008D8277 /* goldGradient.png in Resources */,
				21DBAFC117108C1C00C7C34D /* brownGradient.png in Resources */,
				21EB34F317177B0D0015AD77 /* leftArrow.png in Resources */,
				21EB34F417177B0D0015AD77 /* leftArrow@2x.png in Resources */,
				21EB34F517177B0D0015AD77 /* rightArrow.png in Resources */,
				21EB34F617177B0D0015AD77 /* rightArrow@2x.png in Resources */,
				21352DCF1729CB73006D5E64 /* 11-clock.png in Resources */,
				21352DD01729CB73006D5E64 /* 11-clock@2x.png in Resources */,
				21352DD31729CB73006D5E64 /* 63-runner.png in Resources */,
				21352DD41729CB73006D5E64 /* 63-runner@2x.png in Resources */,
				21352DD51729CB73006D5E64 /* 83-calendar.png in Resources */,
				21352DD61729CB73006D5E64 /* 83-calendar@2x.png in Resources */,
				21352DD71729CB73006D5E64 /* 89-dumbells.png in Resources */,
				21352DD81729CB73006D5E64 /* 89-dumbells@2x.png in Resources */,
				21352DD91729CB73006D5E64 /* 103-map.png in Resources */,
				21352DDA1729CB73006D5E64 /* 103-map@2x.png in Resources */,
				21352DDB1729CB73006D5E64 /* 112-group.png in Resources */,
				21352DDC1729CB73006D5E64 /* 112-group@2x.png in Resources */,
				21457163172AFD5F0004AC64 /* blue.png in Resources */,
				21457165172AFDE20004AC64 /* black.png in Resources */,
				21457167172AFF2C0004AC64 /* goldTint.png in Resources */,
				21EB57C31745D47C00DC7C2E /* 400-list2g.png in Resources */,
				21EB57C41745D47C00DC7C2E /* 400-list2g@2x.png in Resources */,
				21EB57C71745D4CE00DC7C2E /* 400-list2.png in Resources */,
				21EB57C81745D4CE00DC7C2E /* 400-list2@2x.png in Resources */,
				21EB57CB1745DB2F00DC7C2E /* 402-globe2.png in Resources */,
				21EB57CC1745DB2F00DC7C2E /* 402-globe2@2x.png in Resources */,
				21E677C8174971B300719EA7 /* logo.png in Resources */,
				21D92E9E175469CE00CE88EE /* 45-minus.png in Resources */,
				21D92E9F175469CE00CE88EE /* 45-minus@2x.png in Resources */,
				21D92EA0175469CE00CE88EE /* 50-plus.png in Resources */,
				21D92EA1175469CE00CE88EE /* 50-plus@2x.png in Resources */,
			);
			runOnlyForDeploymentPostprocessing = 0;
		};
/* End PBXResourcesBuildPhase section */

/* Begin PBXShellScriptBuildPhase section */
		C8BD26EF3DEB4187A51EF20A /* Copy Pods Resources */ = {
			isa = PBXShellScriptBuildPhase;
			buildActionMask = 2147483647;
			files = (
			);
			inputPaths = (
			);
			name = "Copy Pods Resources";
			outputPaths = (
			);
			runOnlyForDeploymentPostprocessing = 0;
			shellPath = /bin/sh;
			shellScript = "\"${SRCROOT}/Pods/Pods-resources.sh\"\n";
		};
/* End PBXShellScriptBuildPhase section */

/* Begin PBXSourcesBuildPhase section */
		2170326C16FE96D900A43833 /* Sources */ = {
			isa = PBXSourcesBuildPhase;
			buildActionMask = 2147483647;
			files = (
				2170328016FE96D900A43833 /* main.m in Sources */,
				2170328416FE96D900A43833 /* AppDelegate.m in Sources */,
				212DECD717009AC60041498E /* homeViewController.m in Sources */,
				21FC9F8F17025F160065EEC2 /* browserViewController.m in Sources */,
				215D04D2170D0AF8008D8277 /* hoursViewController.m in Sources */,
				21EAD7E8170E883900449EA3 /* NSDate-MyDateClass.m in Sources */,
				21A37AC0171B34F1008990C5 /* HoursModel.m in Sources */,
				21E90A381726E26000356E54 /* BubbleTabBarController.m in Sources */,
				21F1EA621728F15A00AB17DB /* BubbleTabBarItem.m in Sources */,
				2177D0CC1729BE85001DA4B3 /* BubbleTabBar.m in Sources */,
				21FA94BB172D95120016918B /* UIColor-BMColors.m in Sources */,
				21EB57BF1745D1B900DC7C2E /* TabBarNavigationController.m in Sources */,
				21E677CC1749754B00719EA7 /* VandyRecClient.m in Sources */,
				21E677CF17497E3400719EA7 /* NewsModel.m in Sources */,
				21E1A5F61751ADE900442922 /* HoursScrollView.m in Sources */,
				21D303A917526E46007D8247 /* GFViewController.m in Sources */,
				21D303AC17527DF8007D8247 /* GFModel.m in Sources */,
				211B16EA1752B4C800180E3D /* TimeString.m in Sources */,
				211B16EE17530AD900180E3D /* GFCollection.m in Sources */,
				21A17F651753DD9E00681749 /* CalendarView.m in Sources */,
				21AA184D1754211800CC2A83 /* DayButton.m in Sources */,
				214754B91755C9C600179268 /* DateHelper.m in Sources */,
			);
			runOnlyForDeploymentPostprocessing = 0;
		};
/* End PBXSourcesBuildPhase section */

/* Begin PBXVariantGroup section */
		2170327C16FE96D900A43833 /* InfoPlist.strings */ = {
			isa = PBXVariantGroup;
			children = (
				2170327D16FE96D900A43833 /* en */,
			);
			name = InfoPlist.strings;
			sourceTree = "<group>";
		};
		2170328B16FE96D900A43833 /* MainStoryboard.storyboard */ = {
			isa = PBXVariantGroup;
			children = (
				2170328C16FE96D900A43833 /* en */,
			);
			name = MainStoryboard.storyboard;
			sourceTree = "<group>";
		};
/* End PBXVariantGroup section */

/* Begin XCBuildConfiguration section */
		2170329116FE96D900A43833 /* Debug */ = {
			isa = XCBuildConfiguration;
			buildSettings = {
				ALWAYS_SEARCH_USER_PATHS = NO;
				CLANG_CXX_LANGUAGE_STANDARD = "gnu++0x";
				CLANG_CXX_LIBRARY = "libc++";
				CLANG_ENABLE_OBJC_ARC = YES;
				CLANG_WARN_CONSTANT_CONVERSION = YES;
				CLANG_WARN_EMPTY_BODY = YES;
				CLANG_WARN_ENUM_CONVERSION = YES;
				CLANG_WARN_INT_CONVERSION = YES;
				CLANG_WARN__DUPLICATE_METHOD_MATCH = YES;
				"CODE_SIGN_IDENTITY[sdk=iphoneos*]" = "iPhone Developer";
				COPY_PHASE_STRIP = NO;
				GCC_C_LANGUAGE_STANDARD = gnu99;
				GCC_DYNAMIC_NO_PIC = NO;
				GCC_OPTIMIZATION_LEVEL = 0;
				GCC_PREPROCESSOR_DEFINITIONS = (
					"DEBUG=1",
					"$(inherited)",
				);
				GCC_SYMBOLS_PRIVATE_EXTERN = NO;
				GCC_WARN_ABOUT_RETURN_TYPE = YES;
				GCC_WARN_UNINITIALIZED_AUTOS = YES;
				GCC_WARN_UNUSED_VARIABLE = YES;
				IPHONEOS_DEPLOYMENT_TARGET = 6.1;
				ONLY_ACTIVE_ARCH = YES;
				SDKROOT = iphoneos;
			};
			name = Debug;
		};
		2170329216FE96D900A43833 /* Release */ = {
			isa = XCBuildConfiguration;
			buildSettings = {
				ALWAYS_SEARCH_USER_PATHS = NO;
				CLANG_CXX_LANGUAGE_STANDARD = "gnu++0x";
				CLANG_CXX_LIBRARY = "libc++";
				CLANG_ENABLE_OBJC_ARC = YES;
				CLANG_WARN_CONSTANT_CONVERSION = YES;
				CLANG_WARN_EMPTY_BODY = YES;
				CLANG_WARN_ENUM_CONVERSION = YES;
				CLANG_WARN_INT_CONVERSION = YES;
				CLANG_WARN__DUPLICATE_METHOD_MATCH = YES;
				"CODE_SIGN_IDENTITY[sdk=iphoneos*]" = "iPhone Developer";
				COPY_PHASE_STRIP = YES;
				GCC_C_LANGUAGE_STANDARD = gnu99;
				GCC_WARN_ABOUT_RETURN_TYPE = YES;
				GCC_WARN_UNINITIALIZED_AUTOS = YES;
				GCC_WARN_UNUSED_VARIABLE = YES;
				IPHONEOS_DEPLOYMENT_TARGET = 6.1;
				OTHER_CFLAGS = "-DNS_BLOCK_ASSERTIONS=1";
				SDKROOT = iphoneos;
				VALIDATE_PRODUCT = YES;
			};
			name = Release;
		};
		2170329416FE96D900A43833 /* Debug */ = {
			isa = XCBuildConfiguration;
			baseConfigurationReference = B5771533F1CA48AAB59519E9 /* Pods.xcconfig */;
			buildSettings = {
				GCC_PRECOMPILE_PREFIX_HEADER = YES;
				GCC_PREFIX_HEADER = "vandyRecCenter/vandyRecCenter-Prefix.pch";
				INFOPLIST_FILE = "vandyRecCenter/vandyRecCenter-Info.plist";
				PRODUCT_NAME = "$(TARGET_NAME)";
				TARGETED_DEVICE_FAMILY = 1;
				WRAPPER_EXTENSION = app;
			};
			name = Debug;
		};
		2170329516FE96D900A43833 /* Release */ = {
			isa = XCBuildConfiguration;
			baseConfigurationReference = B5771533F1CA48AAB59519E9 /* Pods.xcconfig */;
			buildSettings = {
				GCC_PRECOMPILE_PREFIX_HEADER = YES;
				GCC_PREFIX_HEADER = "vandyRecCenter/vandyRecCenter-Prefix.pch";
				INFOPLIST_FILE = "vandyRecCenter/vandyRecCenter-Info.plist";
				PRODUCT_NAME = "$(TARGET_NAME)";
				TARGETED_DEVICE_FAMILY = 1;
				WRAPPER_EXTENSION = app;
			};
			name = Release;
		};
/* End XCBuildConfiguration section */

/* Begin XCConfigurationList section */
		2170326B16FE96D900A43833 /* Build configuration list for PBXProject "vandyRecCenter" */ = {
			isa = XCConfigurationList;
			buildConfigurations = (
				2170329116FE96D900A43833 /* Debug */,
				2170329216FE96D900A43833 /* Release */,
			);
			defaultConfigurationIsVisible = 0;
			defaultConfigurationName = Release;
		};
		2170329316FE96D900A43833 /* Build configuration list for PBXNativeTarget "vandyRecCenter" */ = {
			isa = XCConfigurationList;
			buildConfigurations = (
				2170329416FE96D900A43833 /* Debug */,
				2170329516FE96D900A43833 /* Release */,
			);
			defaultConfigurationIsVisible = 0;
			defaultConfigurationName = Release;
		};
/* End XCConfigurationList section */
	};
	rootObject = 2170326816FE96D900A43833 /* Project object */;
}
